
Microsoft Visual Studio Solution File, Format Version 12.00
# Visual Studio Version 16
VisualStudioVersion = 16.0.31702.278
MinimumVisualStudioVersion = 10.0.40219.1
Project("{FAE04EC0-301F-11D3-BF4B-00C04F79EFBC}") = "Chapter02", "Chapter02.csproj", "{6FA9CB17-088D-45FE-A15A-56D6DA348F59}"
EndProject
Global
	GlobalSection(SolutionConfigurationPlatforms) = preSolution
		Debug|Any CPU = Debug|Any CPU
		Release|Any CPU = Release|Any CPU
	EndGlobalSection
	GlobalSection(ProjectConfigurationPlatforms) = postSolution
		{6FA9CB17-088D-45FE-A15A-56D6DA348F59}.Debug|Any CPU.ActiveCfg = Debug|Any CPU
		{6FA9CB17-088D-45FE-A15A-56D6DA348F59}.Debug|Any CPU.Build.0 = Debug|Any CPU
		{6FA9CB17-088D-45FE-A15A-56D6DA348F59}.Release|Any CPU.ActiveCfg = Release|Any CPU
		{6FA9CB17-088D-45FE-A15A-56D6DA348F59}.Release|Any CPU.Build.0 = Release|Any CPU
	EndGlobalSection
	GlobalSection(SolutionProperties) = preSolution
		HideSolutionNode = FALSE
	EndGlobalSection
	GlobalSection(ExtensibilityGlobals) = postSolution
		SolutionGuid = {829E0F50-54D8-4138-BC4C-B8BD348E238D}
	EndGlobalSection
EndGlobal
